
Microsoft Visual Studio Solution File, Format Version 12.00
# Visual Studio Version 18
VisualStudioVersion = 18.4.11612.150
MinimumVisualStudioVersion = 10.0.40219.1
Project("{FAE04EC0-301F-11D3-BF4B-00C04F79EFBC}") = "SQTWeb", "SQTWeb.csproj", "{745349DB-C467-E67F-844B-EECC93F25D36}"
EndProject
Project("{2150E333-8FDC-42A3-9474-1A3956D46DE8}") = "Models", "Models", "{F348E6F2-7036-4344-8E82-31F33D03F118}"
EndProject
Project("{FAE04EC0-301F-11D3-BF4B-00C04F79EFBC}") = "QTMSModel", "..\Models\QTMSModel\QTMSModel.csproj", "{8D97217B-5F94-4E38-AB84-0D1F319D3EF6}"
EndProject
Project("{FAE04EC0-301F-11D3-BF4B-00C04F79EFBC}") = "FMSModel", "..\Models\FMSModel\FMSModel.csproj", "{5621F8AA-9475-4ACE-AEA6-A92B54BBE3F1}"
EndProject
Project("{FAE04EC0-301F-11D3-BF4B-00C04F79EFBC}") = "ACMSModel", "..\Models\ACMSModel\ACMSModel.csproj", "{47B0833B-9C52-470B-B5E1-58A77EAF2E2A}"
EndProject
Project("{FAE04EC0-301F-11D3-BF4B-00C04F79EFBC}") = "LMSModel", "..\Models\LMSModel\LMSModel.csproj", "{78C0ACA7-2226-41B0-ACCD-6A08ADB39C96}"
EndProject
Project("{FAE04EC0-301F-11D3-BF4B-00C04F79EFBC}") = "COMMONModel", "..\Models\COMMONModel\COMMONModel.csproj", "{2EC4E9E8-D1A8-4F21-9B2B-06CE42984982}"
EndProject
Project("{2150E333-8FDC-42A3-9474-1A3956D46DE8}") = "Libraries", "Libraries", "{A2EEBF7A-D19E-4084-9D2B-9BDABD3603AA}"
EndProject
Project("{FAE04EC0-301F-11D3-BF4B-00C04F79EFBC}") = "UtilityLib", "..\Libraries\UtilityLib\UtilityLib.csproj", "{CE72C7B2-A160-4F7C-B567-F7DC5DB18622}"
EndProject
Project("{FAE04EC0-301F-11D3-BF4B-00C04F79EFBC}") = "AppLib", "..\Libraries\AppLib\AppLib.csproj", "{7172DFA2-5484-44D8-8138-600206616D3A}"
EndProject
Project("{FAE04EC0-301F-11D3-BF4B-00C04F79EFBC}") = "UOMLib", "..\Libraries\UOMLib\UOMLib.csproj", "{439547C8-2A84-4630-A960-B2248A691405}"
EndProject
Global
	GlobalSection(SolutionConfigurationPlatforms) = preSolution
		Debug|Any CPU = Debug|Any CPU
		Release|Any CPU = Release|Any CPU
	EndGlobalSection
	GlobalSection(ProjectConfigurationPlatforms) = postSolution
		{745349DB-C467-E67F-844B-EECC93F25D36}.Debug|Any CPU.ActiveCfg = Debug|Any CPU
		{745349DB-C467-E67F-844B-EECC93F25D36}.Debug|Any CPU.Build.0 = Debug|Any CPU
		{745349DB-C467-E67F-844B-EECC93F25D36}.Release|Any CPU.ActiveCfg = Release|Any CPU
		{745349DB-C467-E67F-844B-EECC93F25D36}.Release|Any CPU.Build.0 = Release|Any CPU
		{8D97217B-5F94-4E38-AB84-0D1F319D3EF6}.Debug|Any CPU.ActiveCfg = Debug|Any CPU
		{8D97217B-5F94-4E38-AB84-0D1F319D3EF6}.Debug|Any CPU.Build.0 = Debug|Any CPU
		{8D97217B-5F94-4E38-AB84-0D1F319D3EF6}.Release|Any CPU.ActiveCfg = Release|Any CPU
		{8D97217B-5F94-4E38-AB84-0D1F319D3EF6}.Release|Any CPU.Build.0 = Release|Any CPU
		{5621F8AA-9475-4ACE-AEA6-A92B54BBE3F1}.Debug|Any CPU.ActiveCfg = Debug|Any CPU
		{5621F8AA-9475-4ACE-AEA6-A92B54BBE3F1}.Debug|Any CPU.Build.0 = Debug|Any CPU
		{5621F8AA-9475-4ACE-AEA6-A92B54BBE3F1}.Release|Any CPU.ActiveCfg = Release|Any CPU
		{5621F8AA-9475-4ACE-AEA6-A92B54BBE3F1}.Release|Any CPU.Build.0 = Release|Any CPU
		{47B0833B-9C52-470B-B5E1-58A77EAF2E2A}.Debug|Any CPU.ActiveCfg = Debug|Any CPU
		{47B0833B-9C52-470B-B5E1-58A77EAF2E2A}.Debug|Any CPU.Build.0 = Debug|Any CPU
		{47B0833B-9C52-470B-B5E1-58A77EAF2E2A}.Release|Any CPU.ActiveCfg = Release|Any CPU
		{47B0833B-9C52-470B-B5E1-58A77EAF2E2A}.Release|Any CPU.Build.0 = Release|Any CPU
		{78C0ACA7-2226-41B0-ACCD-6A08ADB39C96}.Debug|Any CPU.ActiveCfg = Debug|Any CPU
		{78C0ACA7-2226-41B0-ACCD-6A08ADB39C96}.Debug|Any CPU.Build.0 = Debug|Any CPU
		{78C0ACA7-2226-41B0-ACCD-6A08ADB39C96}.Release|Any CPU.ActiveCfg = Release|Any CPU
		{78C0ACA7-2226-41B0-ACCD-6A08ADB39C96}.Release|Any CPU.Build.0 = Release|Any CPU
		{2EC4E9E8-D1A8-4F21-9B2B-06CE42984982}.Debug|Any CPU.ActiveCfg = Debug|Any CPU
		{2EC4E9E8-D1A8-4F21-9B2B-06CE42984982}.Debug|Any CPU.Build.0 = Debug|Any CPU
		{2EC4E9E8-D1A8-4F21-9B2B-06CE42984982}.Release|Any CPU.ActiveCfg = Release|Any CPU
		{2EC4E9E8-D1A8-4F21-9B2B-06CE42984982}.Release|Any CPU.Build.0 = Release|Any CPU
		{CE72C7B2-A160-4F7C-B567-F7DC5DB18622}.Debug|Any CPU.ActiveCfg = Debug|Any CPU
		{CE72C7B2-A160-4F7C-B567-F7DC5DB18622}.Debug|Any CPU.Build.0 = Debug|Any CPU
		{CE72C7B2-A160-4F7C-B567-F7DC5DB18622}.Release|Any CPU.ActiveCfg = Release|Any CPU
		{CE72C7B2-A160-4F7C-B567-F7DC5DB18622}.Release|Any CPU.Build.0 = Release|Any CPU
		{7172DFA2-5484-44D8-8138-600206616D3A}.Debug|Any CPU.ActiveCfg = Debug|Any CPU
		{7172DFA2-5484-44D8-8138-600206616D3A}.Debug|Any CPU.Build.0 = Debug|Any CPU
		{7172DFA2-5484-44D8-8138-600206616D3A}.Release|Any CPU.ActiveCfg = Release|Any CPU
		{7172DFA2-5484-44D8-8138-600206616D3A}.Release|Any CPU.Build.0 = Release|Any CPU
		{439547C8-2A84-4630-A960-B2248A691405}.Debug|Any CPU.ActiveCfg = Debug|Any CPU
		{439547C8-2A84-4630-A960-B2248A691405}.Debug|Any CPU.Build.0 = Debug|Any CPU
		{439547C8-2A84-4630-A960-B2248A691405}.Release|Any CPU.ActiveCfg = Release|Any CPU
		{439547C8-2A84-4630-A960-B2248A691405}.Release|Any CPU.Build.0 = Release|Any CPU
	EndGlobalSection
	GlobalSection(SolutionProperties) = preSolution
		HideSolutionNode = FALSE
	EndGlobalSection
	GlobalSection(NestedProjects) = preSolution
		{8D97217B-5F94-4E38-AB84-0D1F319D3EF6} = {F348E6F2-7036-4344-8E82-31F33D03F118}
		{5621F8AA-9475-4ACE-AEA6-A92B54BBE3F1} = {F348E6F2-7036-4344-8E82-31F33D03F118}
		{47B0833B-9C52-470B-B5E1-58A77EAF2E2A} = {F348E6F2-7036-4344-8E82-31F33D03F118}
		{78C0ACA7-2226-41B0-ACCD-6A08ADB39C96} = {F348E6F2-7036-4344-8E82-31F33D03F118}
		{2EC4E9E8-D1A8-4F21-9B2B-06CE42984982} = {F348E6F2-7036-4344-8E82-31F33D03F118}
		{CE72C7B2-A160-4F7C-B567-F7DC5DB18622} = {A2EEBF7A-D19E-4084-9D2B-9BDABD3603AA}
		{7172DFA2-5484-44D8-8138-600206616D3A} = {A2EEBF7A-D19E-4084-9D2B-9BDABD3603AA}
		{439547C8-2A84-4630-A960-B2248A691405} = {A2EEBF7A-D19E-4084-9D2B-9BDABD3603AA}
	EndGlobalSection
	GlobalSection(ExtensibilityGlobals) = postSolution
		SolutionGuid = {09B6D930-4998-4D3E-8382-9AED33824735}
	EndGlobalSection
EndGlobal
